
Microsoft Visual Studio Solution File, Format Version 12.00
# Visual Studio 2012
Project("{FAE04EC0-301F-11D3-BF4B-00C04F79EFBC}") = "Xwt.GoogleMaterialDesignIcons", "Xwt.GoogleMaterialDesignIcons\Xwt.GoogleMaterialDesignIcons.csproj", "{EAF6087A-47DA-49FE-A295-13834603D638}"
EndProject
Project("{FAE04EC0-301F-11D3-BF4B-00C04F79EFBC}") = "GoogleMaterialDesignIconsTest", "GoogleMaterialDesignIconsTest\GoogleMaterialDesignIconsTest.csproj", "{7E2E171F-ED75-48D1-B847-13EB0F62AEF3}"
EndProject
Global
	GlobalSection(SolutionConfigurationPlatforms) = preSolution
		Debug|Any CPU = Debug|Any CPU
		Release|Any CPU = Release|Any CPU
	EndGlobalSection
	GlobalSection(ProjectConfigurationPlatforms) = postSolution
		{7E2E171F-ED75-48D1-B847-13EB0F62AEF3}.Debug|Any CPU.ActiveCfg = Debug|Any CPU
		{7E2E171F-ED75-48D1-B847-13EB0F62AEF3}.Debug|Any CPU.Build.0 = Debug|Any CPU
		{7E2E171F-ED75-48D1-B847-13EB0F62AEF3}.Release|Any CPU.ActiveCfg = Release|Any CPU
		{7E2E171F-ED75-48D1-B847-13EB0F62AEF3}.Release|Any CPU.Build.0 = Release|Any CPU
		{EAF6087A-47DA-49FE-A295-13834603D638}.Debug|Any CPU.ActiveCfg = Debug|Any CPU
		{EAF6087A-47DA-49FE-A295-13834603D638}.Debug|Any CPU.Build.0 = Debug|Any CPU
		{EAF6087A-47DA-49FE-A295-13834603D638}.Release|Any CPU.ActiveCfg = Release|Any CPU
		{EAF6087A-47DA-49FE-A295-13834603D638}.Release|Any CPU.Build.0 = Release|Any CPU
	EndGlobalSection
EndGlobal
